
Microsoft Visual Studio Solution File, Format Version 12.00
# Visual Studio Version 16
VisualStudioVersion = 16.0.30320.27
MinimumVisualStudioVersion = 10.0.40219.1
Project("{9A19103F-16F7-4668-BE54-9A1E7A4F7556}") = "Backend", "Backend\Backend.csproj", "{F694A06B-4FBB-4C9A-9B34-1FBA843883DF}"
EndProject
Project("{FAE04EC0-301F-11D3-BF4B-00C04F79EFBC}") = "Backend.UnitTests", "Backend.UnitTests\Backend.UnitTests.csproj", "{B777A1E7-573B-44DB-950C-2F194792AE39}"
EndProject
Global
	GlobalSection(SolutionConfigurationPlatforms) = preSolution
		Debug|Any CPU = Debug|Any CPU
		Release|Any CPU = Release|Any CPU
	EndGlobalSection
	GlobalSection(ProjectConfigurationPlatforms) = postSolution
		{F694A06B-4FBB-4C9A-9B34-1FBA843883DF}.Debug|Any CPU.ActiveCfg = Debug|Any CPU
		{F694A06B-4FBB-4C9A-9B34-1FBA843883DF}.Debug|Any CPU.Build.0 = Debug|Any CPU
		{F694A06B-4FBB-4C9A-9B34-1FBA843883DF}.Release|Any CPU.ActiveCfg = Release|Any CPU
		{F694A06B-4FBB-4C9A-9B34-1FBA843883DF}.Release|Any CPU.Build.0 = Release|Any CPU
		{B777A1E7-573B-44DB-950C-2F194792AE39}.Debug|Any CPU.ActiveCfg = Debug|Any CPU
		{B777A1E7-573B-44DB-950C-2F194792AE39}.Debug|Any CPU.Build.0 = Debug|Any CPU
		{B777A1E7-573B-44DB-950C-2F194792AE39}.Release|Any CPU.ActiveCfg = Release|Any CPU
		{B777A1E7-573B-44DB-950C-2F194792AE39}.Release|Any CPU.Build.0 = Release|Any CPU
	EndGlobalSection
	GlobalSection(SolutionProperties) = preSolution
		HideSolutionNode = FALSE
	EndGlobalSection
	GlobalSection(ExtensibilityGlobals) = postSolution
		SolutionGuid = {68325D17-D464-4273-A739-9425470D8DDF}
	EndGlobalSection
EndGlobal
